
Microsoft Visual Studio Solution File, Format Version 12.00
# Visual Studio Version 17
VisualStudioVersion = 17.5.002.0
MinimumVisualStudioVersion = 10.0.40219.1
Project("{9A19103F-16F7-4668-BE54-9A1E7A4F7556}") = "Jogo de dados", "Jogo de dados.csproj", "{A89D23E5-B833-479E-B940-46F3538E932F}"
EndProject
Global
	GlobalSection(SolutionConfigurationPlatforms) = preSolution
		Debug|Any CPU = Debug|Any CPU
		Release|Any CPU = Release|Any CPU
	EndGlobalSection
	GlobalSection(ProjectConfigurationPlatforms) = postSolution
		{A89D23E5-B833-479E-B940-46F3538E932F}.Debug|Any CPU.ActiveCfg = Debug|Any CPU
		{A89D23E5-B833-479E-B940-46F3538E932F}.Debug|Any CPU.Build.0 = Debug|Any CPU
		{A89D23E5-B833-479E-B940-46F3538E932F}.Release|Any CPU.ActiveCfg = Release|Any CPU
		{A89D23E5-B833-479E-B940-46F3538E932F}.Release|Any CPU.Build.0 = Release|Any CPU
	EndGlobalSection
	GlobalSection(SolutionProperties) = preSolution
		HideSolutionNode = FALSE
	EndGlobalSection
	GlobalSection(ExtensibilityGlobals) = postSolution
		SolutionGuid = {EACF0465-F365-43E4-820F-EB00C2C98E57}
	EndGlobalSection
EndGlobal
